
Microsoft Visual Studio Solution File, Format Version 12.00
# Visual Studio Version 16
VisualStudioVersion = 16.0.31025.194
MinimumVisualStudioVersion = 10.0.40219.1
Project("{FAE04EC0-301F-11D3-BF4B-00C04F79EFBC}") = "SXUtils", "SXUtils\SXUtils.csproj", "{D7EAE883-248D-4ACF-B55D-A68AB3A58233}"
EndProject
Global
	GlobalSection(SolutionConfigurationPlatforms) = preSolution
		Debug|Any CPU = Debug|Any CPU
		Release|Any CPU = Release|Any CPU
	EndGlobalSection
	GlobalSection(ProjectConfigurationPlatforms) = postSolution
		{D7EAE883-248D-4ACF-B55D-A68AB3A58233}.Debug|Any CPU.ActiveCfg = Debug|Any CPU
		{D7EAE883-248D-4ACF-B55D-A68AB3A58233}.Debug|Any CPU.Build.0 = Debug|Any CPU
		{D7EAE883-248D-4ACF-B55D-A68AB3A58233}.Release|Any CPU.ActiveCfg = Release|Any CPU
		{D7EAE883-248D-4ACF-B55D-A68AB3A58233}.Release|Any CPU.Build.0 = Release|Any CPU
	EndGlobalSection
	GlobalSection(SolutionProperties) = preSolution
		HideSolutionNode = FALSE
	EndGlobalSection
	GlobalSection(ExtensibilityGlobals) = postSolution
		SolutionGuid = {166461E2-65A1-4116-87C0-40A3E13E3FE4}
	EndGlobalSection
EndGlobal
